
Microsoft Visual Studio Solution File, Format Version 12.00
# Visual Studio Version 16
VisualStudioVersion = 16.0.33927.289
MinimumVisualStudioVersion = 10.0.40219.1
Project("{2150E333-8FDC-42A3-9474-1A3956D46DE8}") = "Task0", "Task0", "{67178E3D-6EC6-4E1F-925B-3AD09314F640}"
EndProject
Project("{FAE04EC0-301F-11D3-BF4B-00C04F79EFBC}") = "Tyuiu.ShtokerVN.Sprint6.Task0.V28.Lib", "Tyuiu.ShtokerVN.Sprint6.Task0.V28.Lib\Tyuiu.ShtokerVN.Sprint6.Task0.V28.Lib.csproj", "{81172B52-3EB6-406F-BA7D-91164DB660EA}"
EndProject
Project("{FAE04EC0-301F-11D3-BF4B-00C04F79EFBC}") = "Tyuiu.ShtokerVN.Sprint6.Task0.V28.Test", "Tyuiu.ShtokerVN.Sprint6.Task0.V28.Test\Tyuiu.ShtokerVN.Sprint6.Task0.V28.Test.csproj", "{E7572091-A2A3-4207-AE2C-D76BC4D4B773}"
EndProject
Project("{FAE04EC0-301F-11D3-BF4B-00C04F79EFBC}") = "Tyuiu.ShtokerVN.Sprint6.Task0.V28", "Tyuiu.ShtokerVN.Sprint6.Task0.V28\Tyuiu.ShtokerVN.Sprint6.Task0.V28.csproj", "{B561370E-4F23-48CC-AA54-702877A2DC6F}"
EndProject
Project("{2150E333-8FDC-42A3-9474-1A3956D46DE8}") = "Task1", "Task1", "{E41BD020-C4FE-4119-9BF1-BA3D4283CF0C}"
EndProject
Project("{FAE04EC0-301F-11D3-BF4B-00C04F79EFBC}") = "Tyuiu.ShtokerVN.Sprint6.Task1.V7.Lib", "Tyuiu.ShtokerVN.Sprint6.Task1.V7.Lib\Tyuiu.ShtokerVN.Sprint6.Task1.V7.Lib.csproj", "{D33B7143-C064-4B7A-A7C7-B07A956E8007}"
EndProject
Project("{FAE04EC0-301F-11D3-BF4B-00C04F79EFBC}") = "Tyuiu.ShtokerVN.Sprint6.Task1.V7.Test", "Tyuiu.ShtokerVN.Sprint6.Task1.V7.Test\Tyuiu.ShtokerVN.Sprint6.Task1.V7.Test.csproj", "{D5CC6019-FF05-4379-AC7D-AF9DE8DE9552}"
EndProject
Project("{FAE04EC0-301F-11D3-BF4B-00C04F79EFBC}") = "Tyuiu.ShtokerVN.Sprint6.Task1.V7", "Tyuiu.ShtokerVN.Sprint6.Task1.V7\Tyuiu.ShtokerVN.Sprint6.Task1.V7.csproj", "{86E1A767-DC45-4C30-8EE0-2C698E83FFE0}"
EndProject
Project("{2150E333-8FDC-42A3-9474-1A3956D46DE8}") = "Task2", "Task2", "{15F5E923-C462-4E4B-8A9C-356098CE3DF2}"
EndProject
Project("{FAE04EC0-301F-11D3-BF4B-00C04F79EFBC}") = "Tyuiu.ShtokerVN.Sprint6.Task2.V6.Lib", "Tyuiu.ShtokerVN.Sprint6.Task2.V6.Lib\Tyuiu.ShtokerVN.Sprint6.Task2.V6.Lib.csproj", "{771F10A6-DE1E-4D29-ACDB-B027DB9CFF1E}"
EndProject
Project("{FAE04EC0-301F-11D3-BF4B-00C04F79EFBC}") = "Tyuiu.ShtokerVN.Sprint6.Task2.V6.Test", "Tyuiu.ShtokerVN.Sprint6.Task2.V6.Test\Tyuiu.ShtokerVN.Sprint6.Task2.V6.Test.csproj", "{1704D473-B798-450F-BD18-102F02B7F247}"
EndProject
Project("{FAE04EC0-301F-11D3-BF4B-00C04F79EFBC}") = "Tyuiu.ShtokerVN.Sprint6.Task2.V6", "Tyuiu.ShtokerVN.Sprint6.Task2.V6\Tyuiu.ShtokerVN.Sprint6.Task2.V6.csproj", "{7B4B56F2-8A67-413F-9397-DB23D47D6CF0}"
EndProject
Project("{2150E333-8FDC-42A3-9474-1A3956D46DE8}") = "Task3", "Task3", "{4F692ECD-4F1E-4675-A0B8-FBF543F384F5}"
EndProject
Project("{FAE04EC0-301F-11D3-BF4B-00C04F79EFBC}") = "Tyuiu.ShtokerVN.Sprint6.Task3.V19.Lib", "Tyuiu.ShtokerVN.Sprint6.Task3.V19.Lib\Tyuiu.ShtokerVN.Sprint6.Task3.V19.Lib.csproj", "{8BD6F9D0-5E82-44A5-8DC0-13A58575320B}"
EndProject
Project("{FAE04EC0-301F-11D3-BF4B-00C04F79EFBC}") = "Tyuiu.ShtokerVN.Sprint6.Task3.V19.Test", "Tyuiu.ShtokerVN.Sprint6.Task3.V19.Test\Tyuiu.ShtokerVN.Sprint6.Task3.V19.Test.csproj", "{22DBA624-9B73-4DF1-A3F7-B11555655372}"
EndProject
Project("{FAE04EC0-301F-11D3-BF4B-00C04F79EFBC}") = "Tyuiu.ShtokerVN.Sprint6.Task3.V19", "Tyuiu.ShtokerVN.Sprint6.Task3.V19\Tyuiu.ShtokerVN.Sprint6.Task3.V19.csproj", "{B29CB037-D232-4D9A-8ADB-BC122CFD6F0C}"
EndProject
Global
	GlobalSection(SolutionConfigurationPlatforms) = preSolution
		Debug|Any CPU = Debug|Any CPU
		Release|Any CPU = Release|Any CPU
	EndGlobalSection
	GlobalSection(ProjectConfigurationPlatforms) = postSolution
		{81172B52-3EB6-406F-BA7D-91164DB660EA}.Debug|Any CPU.ActiveCfg = Debug|Any CPU
		{81172B52-3EB6-406F-BA7D-91164DB660EA}.Debug|Any CPU.Build.0 = Debug|Any CPU
		{81172B52-3EB6-406F-BA7D-91164DB660EA}.Release|Any CPU.ActiveCfg = Release|Any CPU
		{81172B52-3EB6-406F-BA7D-91164DB660EA}.Release|Any CPU.Build.0 = Release|Any CPU
		{E7572091-A2A3-4207-AE2C-D76BC4D4B773}.Debug|Any CPU.ActiveCfg = Debug|Any CPU
		{E7572091-A2A3-4207-AE2C-D76BC4D4B773}.Debug|Any CPU.Build.0 = Debug|Any CPU
		{E7572091-A2A3-4207-AE2C-D76BC4D4B773}.Release|Any CPU.ActiveCfg = Release|Any CPU
		{E7572091-A2A3-4207-AE2C-D76BC4D4B773}.Release|Any CPU.Build.0 = Release|Any CPU
		{B561370E-4F23-48CC-AA54-702877A2DC6F}.Debug|Any CPU.ActiveCfg = Debug|Any CPU
		{B561370E-4F23-48CC-AA54-702877A2DC6F}.Debug|Any CPU.Build.0 = Debug|Any CPU
		{B561370E-4F23-48CC-AA54-702877A2DC6F}.Release|Any CPU.ActiveCfg = Release|Any CPU
		{B561370E-4F23-48CC-AA54-702877A2DC6F}.Release|Any CPU.Build.0 = Release|Any CPU
		{D33B7143-C064-4B7A-A7C7-B07A956E8007}.Debug|Any CPU.ActiveCfg = Debug|Any CPU
		{D33B7143-C064-4B7A-A7C7-B07A956E8007}.Debug|Any CPU.Build.0 = Debug|Any CPU
		{D33B7143-C064-4B7A-A7C7-B07A956E8007}.Release|Any CPU.ActiveCfg = Release|Any CPU
		{D33B7143-C064-4B7A-A7C7-B07A956E8007}.Release|Any CPU.Build.0 = Release|Any CPU
		{D5CC6019-FF05-4379-AC7D-AF9DE8DE9552}.Debug|Any CPU.ActiveCfg = Debug|Any CPU
		{D5CC6019-FF05-4379-AC7D-AF9DE8DE9552}.Debug|Any CPU.Build.0 = Debug|Any CPU
		{D5CC6019-FF05-4379-AC7D-AF9DE8DE9552}.Release|Any CPU.ActiveCfg = Release|Any CPU
		{D5CC6019-FF05-4379-AC7D-AF9DE8DE9552}.Release|Any CPU.Build.0 = Release|Any CPU
		{86E1A767-DC45-4C30-8EE0-2C698E83FFE0}.Debug|Any CPU.ActiveCfg = Debug|Any CPU
		{86E1A767-DC45-4C30-8EE0-2C698E83FFE0}.Debug|Any CPU.Build.0 = Debug|Any CPU
		{86E1A767-DC45-4C30-8EE0-2C698E83FFE0}.Release|Any CPU.ActiveCfg = Release|Any CPU
		{86E1A767-DC45-4C30-8EE0-2C698E83FFE0}.Release|Any CPU.Build.0 = Release|Any CPU
		{771F10A6-DE1E-4D29-ACDB-B027DB9CFF1E}.Debug|Any CPU.ActiveCfg = Debug|Any CPU
		{771F10A6-DE1E-4D29-ACDB-B027DB9CFF1E}.Debug|Any CPU.Build.0 = Debug|Any CPU
		{771F10A6-DE1E-4D29-ACDB-B027DB9CFF1E}.Release|Any CPU.ActiveCfg = Release|Any CPU
		{771F10A6-DE1E-4D29-ACDB-B027DB9CFF1E}.Release|Any CPU.Build.0 = Release|Any CPU
		{1704D473-B798-450F-BD18-102F02B7F247}.Debug|Any CPU.ActiveCfg = Debug|Any CPU
		{1704D473-B798-450F-BD18-102F02B7F247}.Debug|Any CPU.Build.0 = Debug|Any CPU
		{1704D473-B798-450F-BD18-102F02B7F247}.Release|Any CPU.ActiveCfg = Release|Any CPU
		{1704D473-B798-450F-BD18-102F02B7F247}.Release|Any CPU.Build.0 = Release|Any CPU
		{7B4B56F2-8A67-413F-9397-DB23D47D6CF0}.Debug|Any CPU.ActiveCfg = Debug|Any CPU
		{7B4B56F2-8A67-413F-9397-DB23D47D6CF0}.Debug|Any CPU.Build.0 = Debug|Any CPU
		{7B4B56F2-8A67-413F-9397-DB23D47D6CF0}.Release|Any CPU.ActiveCfg = Release|Any CPU
		{7B4B56F2-8A67-413F-9397-DB23D47D6CF0}.Release|Any CPU.Build.0 = Release|Any CPU
		{8BD6F9D0-5E82-44A5-8DC0-13A58575320B}.Debug|Any CPU.ActiveCfg = Debug|Any CPU
		{8BD6F9D0-5E82-44A5-8DC0-13A58575320B}.Debug|Any CPU.Build.0 = Debug|Any CPU
		{8BD6F9D0-5E82-44A5-8DC0-13A58575320B}.Release|Any CPU.ActiveCfg = Release|Any CPU
		{8BD6F9D0-5E82-44A5-8DC0-13A58575320B}.Release|Any CPU.Build.0 = Release|Any CPU
		{22DBA624-9B73-4DF1-A3F7-B11555655372}.Debug|Any CPU.ActiveCfg = Debug|Any CPU
		{22DBA624-9B73-4DF1-A3F7-B11555655372}.Debug|Any CPU.Build.0 = Debug|Any CPU
		{22DBA624-9B73-4DF1-A3F7-B11555655372}.Release|Any CPU.ActiveCfg = Release|Any CPU
		{22DBA624-9B73-4DF1-A3F7-B11555655372}.Release|Any CPU.Build.0 = Release|Any CPU
		{B29CB037-D232-4D9A-8ADB-BC122CFD6F0C}.Debug|Any CPU.ActiveCfg = Debug|Any CPU
		{B29CB037-D232-4D9A-8ADB-BC122CFD6F0C}.Debug|Any CPU.Build.0 = Debug|Any CPU
		{B29CB037-D232-4D9A-8ADB-BC122CFD6F0C}.Release|Any CPU.ActiveCfg = Release|Any CPU
		{B29CB037-D232-4D9A-8ADB-BC122CFD6F0C}.Release|Any CPU.Build.0 = Release|Any CPU
	EndGlobalSection
	GlobalSection(SolutionProperties) = preSolution
		HideSolutionNode = FALSE
	EndGlobalSection
	GlobalSection(NestedProjects) = preSolution
		{81172B52-3EB6-406F-BA7D-91164DB660EA} = {67178E3D-6EC6-4E1F-925B-3AD09314F640}
		{E7572091-A2A3-4207-AE2C-D76BC4D4B773} = {67178E3D-6EC6-4E1F-925B-3AD09314F640}
		{B561370E-4F23-48CC-AA54-702877A2DC6F} = {67178E3D-6EC6-4E1F-925B-3AD09314F640}
		{D33B7143-C064-4B7A-A7C7-B07A956E8007} = {E41BD020-C4FE-4119-9BF1-BA3D4283CF0C}
		{D5CC6019-FF05-4379-AC7D-AF9DE8DE9552} = {E41BD020-C4FE-4119-9BF1-BA3D4283CF0C}
		{86E1A767-DC45-4C30-8EE0-2C698E83FFE0} = {E41BD020-C4FE-4119-9BF1-BA3D4283CF0C}
		{771F10A6-DE1E-4D29-ACDB-B027DB9CFF1E} = {15F5E923-C462-4E4B-8A9C-356098CE3DF2}
		{1704D473-B798-450F-BD18-102F02B7F247} = {15F5E923-C462-4E4B-8A9C-356098CE3DF2}
		{7B4B56F2-8A67-413F-9397-DB23D47D6CF0} = {15F5E923-C462-4E4B-8A9C-356098CE3DF2}
		{8BD6F9D0-5E82-44A5-8DC0-13A58575320B} = {4F692ECD-4F1E-4675-A0B8-FBF543F384F5}
		{22DBA624-9B73-4DF1-A3F7-B11555655372} = {4F692ECD-4F1E-4675-A0B8-FBF543F384F5}
		{B29CB037-D232-4D9A-8ADB-BC122CFD6F0C} = {4F692ECD-4F1E-4675-A0B8-FBF543F384F5}
	EndGlobalSection
	GlobalSection(ExtensibilityGlobals) = postSolution
		SolutionGuid = {C1E14C45-77B8-4B41-86AC-72EEE1174FA9}
	EndGlobalSection
EndGlobal
